
Microsoft Visual Studio Solution File, Format Version 12.00
# Visual Studio 14
VisualStudioVersion = 14.0.23107.0
MinimumVisualStudioVersion = 10.0.40219.1
Project("{FAE04EC0-301F-11D3-BF4B-00C04F79EFBC}") = "Models", "Models\Models.csproj", "{45EFB7E7-7532-422B-9D4C-C9D89402758A}"
EndProject
Project("{FAE04EC0-301F-11D3-BF4B-00C04F79EFBC}") = "PSSCUnitTesting", "PSSCUnitTesting\PSSCUnitTesting.csproj", "{72D3453E-B50B-45B7-8E1F-7EC92B0A1CBB}"
EndProject
Project("{FAE04EC0-301F-11D3-BF4B-00C04F79EFBC}") = "WebApplication", "WebApplication\WebApplication.csproj", "{0BD65302-C20F-4307-AF18-32F800EE95CA}"
EndProject
Project("{FAE04EC0-301F-11D3-BF4B-00C04F79EFBC}") = "CQRS", "CQRS\CQRS.csproj", "{B8F00B19-49C1-493F-A065-E7FCA0270037}"
EndProject
Global
	GlobalSection(SolutionConfigurationPlatforms) = preSolution
		Debug|Any CPU = Debug|Any CPU
		Release|Any CPU = Release|Any CPU
	EndGlobalSection
	GlobalSection(ProjectConfigurationPlatforms) = postSolution
		{45EFB7E7-7532-422B-9D4C-C9D89402758A}.Debug|Any CPU.ActiveCfg = Debug|Any CPU
		{45EFB7E7-7532-422B-9D4C-C9D89402758A}.Debug|Any CPU.Build.0 = Debug|Any CPU
		{45EFB7E7-7532-422B-9D4C-C9D89402758A}.Release|Any CPU.ActiveCfg = Release|Any CPU
		{45EFB7E7-7532-422B-9D4C-C9D89402758A}.Release|Any CPU.Build.0 = Release|Any CPU
		{72D3453E-B50B-45B7-8E1F-7EC92B0A1CBB}.Debug|Any CPU.ActiveCfg = Debug|Any CPU
		{72D3453E-B50B-45B7-8E1F-7EC92B0A1CBB}.Debug|Any CPU.Build.0 = Debug|Any CPU
		{72D3453E-B50B-45B7-8E1F-7EC92B0A1CBB}.Release|Any CPU.ActiveCfg = Release|Any CPU
		{72D3453E-B50B-45B7-8E1F-7EC92B0A1CBB}.Release|Any CPU.Build.0 = Release|Any CPU
		{0BD65302-C20F-4307-AF18-32F800EE95CA}.Debug|Any CPU.ActiveCfg = Debug|Any CPU
		{0BD65302-C20F-4307-AF18-32F800EE95CA}.Debug|Any CPU.Build.0 = Debug|Any CPU
		{0BD65302-C20F-4307-AF18-32F800EE95CA}.Release|Any CPU.ActiveCfg = Release|Any CPU
		{0BD65302-C20F-4307-AF18-32F800EE95CA}.Release|Any CPU.Build.0 = Release|Any CPU
		{B8F00B19-49C1-493F-A065-E7FCA0270037}.Debug|Any CPU.ActiveCfg = Debug|Any CPU
		{B8F00B19-49C1-493F-A065-E7FCA0270037}.Debug|Any CPU.Build.0 = Debug|Any CPU
		{B8F00B19-49C1-493F-A065-E7FCA0270037}.Release|Any CPU.ActiveCfg = Release|Any CPU
		{B8F00B19-49C1-493F-A065-E7FCA0270037}.Release|Any CPU.Build.0 = Release|Any CPU
	EndGlobalSection
	GlobalSection(SolutionProperties) = preSolution
		HideSolutionNode = FALSE
	EndGlobalSection
EndGlobal
